
Microsoft Visual Studio Solution File, Format Version 11.00
# Visual Studio 2010
Project("{FAE04EC0-301F-11D3-BF4B-00C04F79EFBC}") = "RLPractice", "Assembly-CSharp-firstpass.csproj", "{6065A9EE-28C4-D74A-37A9-8D62A0168378}"
EndProject
Project("{FAE04EC0-301F-11D3-BF4B-00C04F79EFBC}") = "RLPractice", "Assembly-CSharp.csproj", "{B7149288-3673-AA40-B20D-1628BE6EBE03}"
EndProject
Project("{FAE04EC0-301F-11D3-BF4B-00C04F79EFBC}") = "RLPractice", "Assembly-CSharp-Editor-firstpass.csproj", "{3D07B796-F2E5-4863-7F72-987095DDC720}"
EndProject
Global
	GlobalSection(SolutionConfigurationPlatforms) = preSolution
		Debug|Any CPU = Debug|Any CPU
		Release|Any CPU = Release|Any CPU
	EndGlobalSection
	GlobalSection(ProjectConfigurationPlatforms) = postSolution
		{6065A9EE-28C4-D74A-37A9-8D62A0168378}.Debug|Any CPU.ActiveCfg = Debug|Any CPU
		{6065A9EE-28C4-D74A-37A9-8D62A0168378}.Debug|Any CPU.Build.0 = Debug|Any CPU
		{6065A9EE-28C4-D74A-37A9-8D62A0168378}.Release|Any CPU.ActiveCfg = Release|Any CPU
		{6065A9EE-28C4-D74A-37A9-8D62A0168378}.Release|Any CPU.Build.0 = Release|Any CPU
		{B7149288-3673-AA40-B20D-1628BE6EBE03}.Debug|Any CPU.ActiveCfg = Debug|Any CPU
		{B7149288-3673-AA40-B20D-1628BE6EBE03}.Debug|Any CPU.Build.0 = Debug|Any CPU
		{B7149288-3673-AA40-B20D-1628BE6EBE03}.Release|Any CPU.ActiveCfg = Release|Any CPU
		{B7149288-3673-AA40-B20D-1628BE6EBE03}.Release|Any CPU.Build.0 = Release|Any CPU
		{3D07B796-F2E5-4863-7F72-987095DDC720}.Debug|Any CPU.ActiveCfg = Debug|Any CPU
		{3D07B796-F2E5-4863-7F72-987095DDC720}.Debug|Any CPU.Build.0 = Debug|Any CPU
		{3D07B796-F2E5-4863-7F72-987095DDC720}.Release|Any CPU.ActiveCfg = Release|Any CPU
		{3D07B796-F2E5-4863-7F72-987095DDC720}.Release|Any CPU.Build.0 = Release|Any CPU
	EndGlobalSection
	GlobalSection(SolutionProperties) = preSolution
		HideSolutionNode = FALSE
	EndGlobalSection
	GlobalSection(MonoDevelopProperties) = preSolution
		StartupItem = Assembly-CSharp.csproj
	EndGlobalSection
EndGlobal
